
Microsoft Visual Studio Solution File, Format Version 12.00
# Visual Studio Version 17
VisualStudioVersion = 17.11.35222.181
MinimumVisualStudioVersion = 10.0.40219.1
Project("{FAE04EC0-301F-11D3-BF4B-00C04F79EFBC}") = "ConsoleApp2", "ConsoleApp2.csproj", "{4552F37E-D2DA-4137-9428-9178BF06080E}"
EndProject
Global
	GlobalSection(SolutionConfigurationPlatforms) = preSolution
		Debug|Any CPU = Debug|Any CPU
		Release|Any CPU = Release|Any CPU
	EndGlobalSection
	GlobalSection(ProjectConfigurationPlatforms) = postSolution
		{4552F37E-D2DA-4137-9428-9178BF06080E}.Debug|Any CPU.ActiveCfg = Debug|Any CPU
		{4552F37E-D2DA-4137-9428-9178BF06080E}.Debug|Any CPU.Build.0 = Debug|Any CPU
		{4552F37E-D2DA-4137-9428-9178BF06080E}.Release|Any CPU.ActiveCfg = Release|Any CPU
		{4552F37E-D2DA-4137-9428-9178BF06080E}.Release|Any CPU.Build.0 = Release|Any CPU
	EndGlobalSection
	GlobalSection(SolutionProperties) = preSolution
		HideSolutionNode = FALSE
	EndGlobalSection
	GlobalSection(ExtensibilityGlobals) = postSolution
		SolutionGuid = {1BC1E5E0-E128-4947-8E3B-78CA123EFA4D}
	EndGlobalSection
EndGlobal
